
Microsoft Visual Studio Solution File, Format Version 12.00
# Visual Studio Version 17
VisualStudioVersion = 17.5.33516.290
MinimumVisualStudioVersion = 10.0.40219.1
Project("{9A19103F-16F7-4668-BE54-9A1E7A4F7556}") = "Server", "Server.csproj", "{A49670E3-DBB6-42C6-9AB2-47E7F8B0BE1E}"
EndProject
Global
	GlobalSection(SolutionConfigurationPlatforms) = preSolution
		Debug|x64 = Debug|x64
		Release|x64 = Release|x64
	EndGlobalSection
	GlobalSection(ProjectConfigurationPlatforms) = postSolution
		{A49670E3-DBB6-42C6-9AB2-47E7F8B0BE1E}.Debug|x64.ActiveCfg = Debug|x64
		{A49670E3-DBB6-42C6-9AB2-47E7F8B0BE1E}.Debug|x64.Build.0 = Debug|x64
		{A49670E3-DBB6-42C6-9AB2-47E7F8B0BE1E}.Release|x64.ActiveCfg = Release|x64
		{A49670E3-DBB6-42C6-9AB2-47E7F8B0BE1E}.Release|x64.Build.0 = Release|x64
	EndGlobalSection
	GlobalSection(SolutionProperties) = preSolution
		HideSolutionNode = FALSE
	EndGlobalSection
	GlobalSection(ExtensibilityGlobals) = postSolution
		SolutionGuid = {1CB756E3-CE67-4921-9D6D-8C654956CBD1}
	EndGlobalSection
EndGlobal
